
Microsoft Visual Studio Solution File, Format Version 12.00
# Visual Studio Version 17
VisualStudioVersion = 17.11.35327.3
MinimumVisualStudioVersion = 10.0.40219.1
Project("{FAE04EC0-301F-11D3-BF4B-00C04F79EFBC}") = "ConsoleAppRecursion", "ConsoleAppRecursion\ConsoleAppRecursion.csproj", "{9ED3AB42-6547-497C-BA3F-DF21296DBF7F}"
EndProject
Global
	GlobalSection(SolutionConfigurationPlatforms) = preSolution
		Debug|Any CPU = Debug|Any CPU
		Release|Any CPU = Release|Any CPU
	EndGlobalSection
	GlobalSection(ProjectConfigurationPlatforms) = postSolution
		{9ED3AB42-6547-497C-BA3F-DF21296DBF7F}.Debug|Any CPU.ActiveCfg = Debug|Any CPU
		{9ED3AB42-6547-497C-BA3F-DF21296DBF7F}.Debug|Any CPU.Build.0 = Debug|Any CPU
		{9ED3AB42-6547-497C-BA3F-DF21296DBF7F}.Release|Any CPU.ActiveCfg = Release|Any CPU
		{9ED3AB42-6547-497C-BA3F-DF21296DBF7F}.Release|Any CPU.Build.0 = Release|Any CPU
	EndGlobalSection
	GlobalSection(SolutionProperties) = preSolution
		HideSolutionNode = FALSE
	EndGlobalSection
	GlobalSection(ExtensibilityGlobals) = postSolution
		SolutionGuid = {02CCDA89-1335-456A-8944-4AA622A0C8AF}
	EndGlobalSection
EndGlobal
